
Microsoft Visual Studio Solution File, Format Version 12.00
# Visual Studio Version 17
VisualStudioVersion = 17.2.32630.192
MinimumVisualStudioVersion = 10.0.40219.1
Project("{FAE04EC0-301F-11D3-BF4B-00C04F79EFBC}") = "20220725_1", "20220725_1.csproj", "{D83CD9F0-9427-473A-8DCE-620F19B82CED}"
EndProject
Global
	GlobalSection(SolutionConfigurationPlatforms) = preSolution
		Debug|Any CPU = Debug|Any CPU
		Release|Any CPU = Release|Any CPU
	EndGlobalSection
	GlobalSection(ProjectConfigurationPlatforms) = postSolution
		{D83CD9F0-9427-473A-8DCE-620F19B82CED}.Debug|Any CPU.ActiveCfg = Debug|Any CPU
		{D83CD9F0-9427-473A-8DCE-620F19B82CED}.Debug|Any CPU.Build.0 = Debug|Any CPU
		{D83CD9F0-9427-473A-8DCE-620F19B82CED}.Release|Any CPU.ActiveCfg = Release|Any CPU
		{D83CD9F0-9427-473A-8DCE-620F19B82CED}.Release|Any CPU.Build.0 = Release|Any CPU
	EndGlobalSection
	GlobalSection(SolutionProperties) = preSolution
		HideSolutionNode = FALSE
	EndGlobalSection
	GlobalSection(ExtensibilityGlobals) = postSolution
		SolutionGuid = {337B98A2-F6CC-4160-98AA-2FD4ABD309DE}
	EndGlobalSection
EndGlobal
